Microsoft Visual Studio Solution File, Format Version 12.00
# Visual Studio Version 17
VisualStudioVersion = 17.0.31903.59
MinimumVisualStudioVersion = 10.0.40219.1

# Solution Folders
Project("{2150E333-8FDC-42A3-9474-1A3956D46DE8}") = "src", "src", "{A1B2C3D4-E5F6-7890-ABCD-EF1234567890}"
EndProject
Project("{2150E333-8FDC-42A3-9474-1A3956D46DE8}") = "BuildingBlocks", "BuildingBlocks", "{B1B2C3D4-E5F6-7890-ABCD-EF1234567891}"
EndProject
Project("{2150E333-8FDC-42A3-9474-1A3956D46DE8}") = "Services", "Services", "{C1B2C3D4-E5F6-7890-ABCD-EF1234567892}"
EndProject
Project("{2150E333-8FDC-42A3-9474-1A3956D46DE8}") = "ApiGateway", "ApiGateway", "{F0B2C3D4-E5F6-7890-ABCD-EF1234567890}"
EndProject

# Service Folders
Project("{2150E333-8FDC-42A3-9474-1A3956D46DE8}") = "Identity", "Identity", "{10B2C3D4-E5F6-7890-ABCD-EF1234567890}"
EndProject
Project("{2150E333-8FDC-42A3-9474-1A3956D46DE8}") = "User", "User", "{20B2C3D4-E5F6-7890-ABCD-EF1234567890}"
EndProject
Project("{2150E333-8FDC-42A3-9474-1A3956D46DE8}") = "Trip", "Trip", "{30B2C3D4-E5F6-7890-ABCD-EF1234567890}"
EndProject
Project("{2150E333-8FDC-42A3-9474-1A3956D46DE8}") = "Package", "Package", "{40B2C3D4-E5F6-7890-ABCD-EF1234567890}"
EndProject
Project("{2150E333-8FDC-42A3-9474-1A3956D46DE8}") = "Payment", "Payment", "{50B2C3D4-E5F6-7890-ABCD-EF1234567890}"
EndProject
Project("{2150E333-8FDC-42A3-9474-1A3956D46DE8}") = "Notification", "Notification", "{60B2C3D4-E5F6-7890-ABCD-EF1234567890}"
EndProject
Project("{2150E333-8FDC-42A3-9474-1A3956D46DE8}") = "Messaging", "Messaging", "{70B2C3D4-E5F6-7890-ABCD-EF1234567890}"
EndProject
Project("{2150E333-8FDC-42A3-9474-1A3956D46DE8}") = "Review", "Review", "{80B2C3D4-E5F6-7890-ABCD-EF1234567890}"
EndProject
Project("{2150E333-8FDC-42A3-9474-1A3956D46DE8}") = "Report", "Report", "{90B2C3D4-E5F6-7890-ABCD-EF1234567890}"
EndProject
Project("{2150E333-8FDC-42A3-9474-1A3956D46DE8}") = "Configuration", "Configuration", "{A0B2C3D4-E5F6-7890-ABCD-EF1234567890}"
EndProject

# BuildingBlocks Projects
Project("{9A19103F-16F7-4668-BE54-9A1E7A4F7556}") = "TagAlong.Common", "src\BuildingBlocks\Common\TagAlong.Common\TagAlong.Common.csproj", "{D1B2C3D4-E5F6-7890-ABCD-EF1234567893}"
EndProject
Project("{9A19103F-16F7-4668-BE54-9A1E7A4F7556}") = "TagAlong.Common.Contracts", "src\BuildingBlocks\Common\TagAlong.Common.Contracts\TagAlong.Common.Contracts.csproj", "{D1B2C3D4-E5F6-7890-ABCD-EF1234567894}"
EndProject
Project("{9A19103F-16F7-4668-BE54-9A1E7A4F7556}") = "TagAlong.EventBus", "src\BuildingBlocks\EventBus\TagAlong.EventBus\TagAlong.EventBus.csproj", "{E1B2C3D4-E5F6-7890-ABCD-EF1234567895}"
EndProject
Project("{9A19103F-16F7-4668-BE54-9A1E7A4F7556}") = "TagAlong.EventBus.RabbitMQ", "src\BuildingBlocks\EventBus\TagAlong.EventBus.RabbitMQ\TagAlong.EventBus.RabbitMQ.csproj", "{E1B2C3D4-E5F6-7890-ABCD-EF1234567896}"
EndProject

# ApiGateway Project
Project("{9A19103F-16F7-4668-BE54-9A1E7A4F7556}") = "TagAlong.ApiGateway", "src\ApiGateway\TagAlong.ApiGateway.csproj", "{F1B2C3D4-E5F6-7890-ABCD-EF1234567897}"
EndProject

# Identity Service Projects
Project("{9A19103F-16F7-4668-BE54-9A1E7A4F7556}") = "TagAlong.Identity.API", "src\Services\Identity\TagAlong.Identity.API\TagAlong.Identity.API.csproj", "{11B2C3D4-E5F6-7890-ABCD-EF1234567898}"
EndProject
Project("{9A19103F-16F7-4668-BE54-9A1E7A4F7556}") = "TagAlong.Identity.Domain", "src\Services\Identity\TagAlong.Identity.Domain\TagAlong.Identity.Domain.csproj", "{11B2C3D4-E5F6-7890-ABCD-EF1234567899}"
EndProject
Project("{9A19103F-16F7-4668-BE54-9A1E7A4F7556}") = "TagAlong.Identity.Infrastructure", "src\Services\Identity\TagAlong.Identity.Infrastructure\TagAlong.Identity.Infrastructure.csproj", "{11B2C3D4-E5F6-7890-ABCD-EF123456789A}"
EndProject

# User Service Projects
Project("{9A19103F-16F7-4668-BE54-9A1E7A4F7556}") = "TagAlong.User.API", "src\Services\User\TagAlong.User.API\TagAlong.User.API.csproj", "{21B2C3D4-E5F6-7890-ABCD-EF1234567898}"
EndProject
Project("{9A19103F-16F7-4668-BE54-9A1E7A4F7556}") = "TagAlong.User.Domain", "src\Services\User\TagAlong.User.Domain\TagAlong.User.Domain.csproj", "{21B2C3D4-E5F6-7890-ABCD-EF1234567899}"
EndProject
Project("{9A19103F-16F7-4668-BE54-9A1E7A4F7556}") = "TagAlong.User.Infrastructure", "src\Services\User\TagAlong.User.Infrastructure\TagAlong.User.Infrastructure.csproj", "{21B2C3D4-E5F6-7890-ABCD-EF123456789A}"
EndProject

# Trip Service Projects
Project("{9A19103F-16F7-4668-BE54-9A1E7A4F7556}") = "TagAlong.Trip.API", "src\Services\Trip\TagAlong.Trip.API\TagAlong.Trip.API.csproj", "{31B2C3D4-E5F6-7890-ABCD-EF1234567898}"
EndProject
Project("{9A19103F-16F7-4668-BE54-9A1E7A4F7556}") = "TagAlong.Trip.Domain", "src\Services\Trip\TagAlong.Trip.Domain\TagAlong.Trip.Domain.csproj", "{31B2C3D4-E5F6-7890-ABCD-EF1234567899}"
EndProject
Project("{9A19103F-16F7-4668-BE54-9A1E7A4F7556}") = "TagAlong.Trip.Infrastructure", "src\Services\Trip\TagAlong.Trip.Infrastructure\TagAlong.Trip.Infrastructure.csproj", "{31B2C3D4-E5F6-7890-ABCD-EF123456789A}"
EndProject

# Package Service Projects
Project("{9A19103F-16F7-4668-BE54-9A1E7A4F7556}") = "TagAlong.Package.API", "src\Services\Package\TagAlong.Package.API\TagAlong.Package.API.csproj", "{41B2C3D4-E5F6-7890-ABCD-EF1234567898}"
EndProject
Project("{9A19103F-16F7-4668-BE54-9A1E7A4F7556}") = "TagAlong.Package.Domain", "src\Services\Package\TagAlong.Package.Domain\TagAlong.Package.Domain.csproj", "{41B2C3D4-E5F6-7890-ABCD-EF1234567899}"
EndProject
Project("{9A19103F-16F7-4668-BE54-9A1E7A4F7556}") = "TagAlong.Package.Infrastructure", "src\Services\Package\TagAlong.Package.Infrastructure\TagAlong.Package.Infrastructure.csproj", "{41B2C3D4-E5F6-7890-ABCD-EF123456789A}"
EndProject

# Payment Service Projects
Project("{9A19103F-16F7-4668-BE54-9A1E7A4F7556}") = "TagAlong.Payment.API", "src\Services\Payment\TagAlong.Payment.API\TagAlong.Payment.API.csproj", "{51B2C3D4-E5F6-7890-ABCD-EF1234567898}"
EndProject
Project("{9A19103F-16F7-4668-BE54-9A1E7A4F7556}") = "TagAlong.Payment.Domain", "src\Services\Payment\TagAlong.Payment.Domain\TagAlong.Payment.Domain.csproj", "{51B2C3D4-E5F6-7890-ABCD-EF1234567899}"
EndProject
Project("{9A19103F-16F7-4668-BE54-9A1E7A4F7556}") = "TagAlong.Payment.Infrastructure", "src\Services\Payment\TagAlong.Payment.Infrastructure\TagAlong.Payment.Infrastructure.csproj", "{51B2C3D4-E5F6-7890-ABCD-EF123456789A}"
EndProject

# Notification Service Projects
Project("{9A19103F-16F7-4668-BE54-9A1E7A4F7556}") = "TagAlong.Notification.API", "src\Services\Notification\TagAlong.Notification.API\TagAlong.Notification.API.csproj", "{61B2C3D4-E5F6-7890-ABCD-EF1234567898}"
EndProject
Project("{9A19103F-16F7-4668-BE54-9A1E7A4F7556}") = "TagAlong.Notification.Domain", "src\Services\Notification\TagAlong.Notification.Domain\TagAlong.Notification.Domain.csproj", "{61B2C3D4-E5F6-7890-ABCD-EF1234567899}"
EndProject
Project("{9A19103F-16F7-4668-BE54-9A1E7A4F7556}") = "TagAlong.Notification.Infrastructure", "src\Services\Notification\TagAlong.Notification.Infrastructure\TagAlong.Notification.Infrastructure.csproj", "{61B2C3D4-E5F6-7890-ABCD-EF123456789A}"
EndProject

# Messaging Service Projects
Project("{9A19103F-16F7-4668-BE54-9A1E7A4F7556}") = "TagAlong.Messaging.API", "src\Services\Messaging\TagAlong.Messaging.API\TagAlong.Messaging.API.csproj", "{71B2C3D4-E5F6-7890-ABCD-EF1234567898}"
EndProject
Project("{9A19103F-16F7-4668-BE54-9A1E7A4F7556}") = "TagAlong.Messaging.Domain", "src\Services\Messaging\TagAlong.Messaging.Domain\TagAlong.Messaging.Domain.csproj", "{71B2C3D4-E5F6-7890-ABCD-EF1234567899}"
EndProject
Project("{9A19103F-16F7-4668-BE54-9A1E7A4F7556}") = "TagAlong.Messaging.Infrastructure", "src\Services\Messaging\TagAlong.Messaging.Infrastructure\TagAlong.Messaging.Infrastructure.csproj", "{71B2C3D4-E5F6-7890-ABCD-EF123456789A}"
EndProject

# Review Service Projects
Project("{9A19103F-16F7-4668-BE54-9A1E7A4F7556}") = "TagAlong.Review.API", "src\Services\Review\TagAlong.Review.API\TagAlong.Review.API.csproj", "{81B2C3D4-E5F6-7890-ABCD-EF1234567898}"
EndProject
Project("{9A19103F-16F7-4668-BE54-9A1E7A4F7556}") = "TagAlong.Review.Domain", "src\Services\Review\TagAlong.Review.Domain\TagAlong.Review.Domain.csproj", "{81B2C3D4-E5F6-7890-ABCD-EF1234567899}"
EndProject
Project("{9A19103F-16F7-4668-BE54-9A1E7A4F7556}") = "TagAlong.Review.Infrastructure", "src\Services\Review\TagAlong.Review.Infrastructure\TagAlong.Review.Infrastructure.csproj", "{81B2C3D4-E5F6-7890-ABCD-EF123456789A}"
EndProject

# Report Service Projects
Project("{9A19103F-16F7-4668-BE54-9A1E7A4F7556}") = "TagAlong.Report.API", "src\Services\Report\TagAlong.Report.API\TagAlong.Report.API.csproj", "{91B2C3D4-E5F6-7890-ABCD-EF1234567898}"
EndProject
Project("{9A19103F-16F7-4668-BE54-9A1E7A4F7556}") = "TagAlong.Report.Domain", "src\Services\Report\TagAlong.Report.Domain\TagAlong.Report.Domain.csproj", "{91B2C3D4-E5F6-7890-ABCD-EF1234567899}"
EndProject
Project("{9A19103F-16F7-4668-BE54-9A1E7A4F7556}") = "TagAlong.Report.Infrastructure", "src\Services\Report\TagAlong.Report.Infrastructure\TagAlong.Report.Infrastructure.csproj", "{91B2C3D4-E5F6-7890-ABCD-EF123456789A}"
EndProject

# Configuration Service Projects
Project("{9A19103F-16F7-4668-BE54-9A1E7A4F7556}") = "TagAlong.Configuration.API", "src\Services\Configuration\TagAlong.Configuration.API\TagAlong.Configuration.API.csproj", "{A1B2C3D4-E5F6-7890-ABCD-EF1234567898}"
EndProject
Project("{9A19103F-16F7-4668-BE54-9A1E7A4F7556}") = "TagAlong.Configuration.Domain", "src\Services\Configuration\TagAlong.Configuration.Domain\TagAlong.Configuration.Domain.csproj", "{A1B2C3D4-E5F6-7890-ABCD-EF1234567899}"
EndProject
Project("{9A19103F-16F7-4668-BE54-9A1E7A4F7556}") = "TagAlong.Configuration.Infrastructure", "src\Services\Configuration\TagAlong.Configuration.Infrastructure\TagAlong.Configuration.Infrastructure.csproj", "{A1B2C3D4-E5F6-7890-ABCD-EF123456789A}"
EndProject

Global
	GlobalSection(SolutionConfigurationPlatforms) = preSolution
		Debug|Any CPU = Debug|Any CPU
		Release|Any CPU = Release|Any CPU
	EndGlobalSection
	GlobalSection(ProjectConfigurationPlatforms) = postSolution
		{D1B2C3D4-E5F6-7890-ABCD-EF1234567893}.Debug|Any CPU.ActiveCfg = Debug|Any CPU
		{D1B2C3D4-E5F6-7890-ABCD-EF1234567893}.Debug|Any CPU.Build.0 = Debug|Any CPU
		{D1B2C3D4-E5F6-7890-ABCD-EF1234567893}.Release|Any CPU.ActiveCfg = Release|Any CPU
		{D1B2C3D4-E5F6-7890-ABCD-EF1234567893}.Release|Any CPU.Build.0 = Release|Any CPU
		{D1B2C3D4-E5F6-7890-ABCD-EF1234567894}.Debug|Any CPU.ActiveCfg = Debug|Any CPU
		{D1B2C3D4-E5F6-7890-ABCD-EF1234567894}.Debug|Any CPU.Build.0 = Debug|Any CPU
		{D1B2C3D4-E5F6-7890-ABCD-EF1234567894}.Release|Any CPU.ActiveCfg = Release|Any CPU
		{D1B2C3D4-E5F6-7890-ABCD-EF1234567894}.Release|Any CPU.Build.0 = Release|Any CPU
		{E1B2C3D4-E5F6-7890-ABCD-EF1234567895}.Debug|Any CPU.ActiveCfg = Debug|Any CPU
		{E1B2C3D4-E5F6-7890-ABCD-EF1234567895}.Debug|Any CPU.Build.0 = Debug|Any CPU
		{E1B2C3D4-E5F6-7890-ABCD-EF1234567895}.Release|Any CPU.ActiveCfg = Release|Any CPU
		{E1B2C3D4-E5F6-7890-ABCD-EF1234567895}.Release|Any CPU.Build.0 = Release|Any CPU
		{E1B2C3D4-E5F6-7890-ABCD-EF1234567896}.Debug|Any CPU.ActiveCfg = Debug|Any CPU
		{E1B2C3D4-E5F6-7890-ABCD-EF1234567896}.Debug|Any CPU.Build.0 = Debug|Any CPU
		{E1B2C3D4-E5F6-7890-ABCD-EF1234567896}.Release|Any CPU.ActiveCfg = Release|Any CPU
		{E1B2C3D4-E5F6-7890-ABCD-EF1234567896}.Release|Any CPU.Build.0 = Release|Any CPU
		{F1B2C3D4-E5F6-7890-ABCD-EF1234567897}.Debug|Any CPU.ActiveCfg = Debug|Any CPU
		{F1B2C3D4-E5F6-7890-ABCD-EF1234567897}.Debug|Any CPU.Build.0 = Debug|Any CPU
		{F1B2C3D4-E5F6-7890-ABCD-EF1234567897}.Release|Any CPU.ActiveCfg = Release|Any CPU
		{F1B2C3D4-E5F6-7890-ABCD-EF1234567897}.Release|Any CPU.Build.0 = Release|Any CPU
		{11B2C3D4-E5F6-7890-ABCD-EF1234567898}.Debug|Any CPU.ActiveCfg = Debug|Any CPU
		{11B2C3D4-E5F6-7890-ABCD-EF1234567898}.Debug|Any CPU.Build.0 = Debug|Any CPU
		{11B2C3D4-E5F6-7890-ABCD-EF1234567898}.Release|Any CPU.ActiveCfg = Release|Any CPU
		{11B2C3D4-E5F6-7890-ABCD-EF1234567898}.Release|Any CPU.Build.0 = Release|Any CPU
		{11B2C3D4-E5F6-7890-ABCD-EF1234567899}.Debug|Any CPU.ActiveCfg = Debug|Any CPU
		{11B2C3D4-E5F6-7890-ABCD-EF1234567899}.Debug|Any CPU.Build.0 = Debug|Any CPU
		{11B2C3D4-E5F6-7890-ABCD-EF1234567899}.Release|Any CPU.ActiveCfg = Release|Any CPU
		{11B2C3D4-E5F6-7890-ABCD-EF1234567899}.Release|Any CPU.Build.0 = Release|Any CPU
		{11B2C3D4-E5F6-7890-ABCD-EF123456789A}.Debug|Any CPU.ActiveCfg = Debug|Any CPU
		{11B2C3D4-E5F6-7890-ABCD-EF123456789A}.Debug|Any CPU.Build.0 = Debug|Any CPU
		{11B2C3D4-E5F6-7890-ABCD-EF123456789A}.Release|Any CPU.ActiveCfg = Release|Any CPU
		{11B2C3D4-E5F6-7890-ABCD-EF123456789A}.Release|Any CPU.Build.0 = Release|Any CPU
		{21B2C3D4-E5F6-7890-ABCD-EF1234567898}.Debug|Any CPU.ActiveCfg = Debug|Any CPU
		{21B2C3D4-E5F6-7890-ABCD-EF1234567898}.Debug|Any CPU.Build.0 = Debug|Any CPU
		{21B2C3D4-E5F6-7890-ABCD-EF1234567898}.Release|Any CPU.ActiveCfg = Release|Any CPU
		{21B2C3D4-E5F6-7890-ABCD-EF1234567898}.Release|Any CPU.Build.0 = Release|Any CPU
		{21B2C3D4-E5F6-7890-ABCD-EF1234567899}.Debug|Any CPU.ActiveCfg = Debug|Any CPU
		{21B2C3D4-E5F6-7890-ABCD-EF1234567899}.Debug|Any CPU.Build.0 = Debug|Any CPU
		{21B2C3D4-E5F6-7890-ABCD-EF1234567899}.Release|Any CPU.ActiveCfg = Release|Any CPU
		{21B2C3D4-E5F6-7890-ABCD-EF1234567899}.Release|Any CPU.Build.0 = Release|Any CPU
		{21B2C3D4-E5F6-7890-ABCD-EF123456789A}.Debug|Any CPU.ActiveCfg = Debug|Any CPU
		{21B2C3D4-E5F6-7890-ABCD-EF123456789A}.Debug|Any CPU.Build.0 = Debug|Any CPU
		{21B2C3D4-E5F6-7890-ABCD-EF123456789A}.Release|Any CPU.ActiveCfg = Release|Any CPU
		{21B2C3D4-E5F6-7890-ABCD-EF123456789A}.Release|Any CPU.Build.0 = Release|Any CPU
		{31B2C3D4-E5F6-7890-ABCD-EF1234567898}.Debug|Any CPU.ActiveCfg = Debug|Any CPU
		{31B2C3D4-E5F6-7890-ABCD-EF1234567898}.Debug|Any CPU.Build.0 = Debug|Any CPU
		{31B2C3D4-E5F6-7890-ABCD-EF1234567898}.Release|Any CPU.ActiveCfg = Release|Any CPU
		{31B2C3D4-E5F6-7890-ABCD-EF1234567898}.Release|Any CPU.Build.0 = Release|Any CPU
		{31B2C3D4-E5F6-7890-ABCD-EF1234567899}.Debug|Any CPU.ActiveCfg = Debug|Any CPU
		{31B2C3D4-E5F6-7890-ABCD-EF1234567899}.Debug|Any CPU.Build.0 = Debug|Any CPU
		{31B2C3D4-E5F6-7890-ABCD-EF1234567899}.Release|Any CPU.ActiveCfg = Release|Any CPU
		{31B2C3D4-E5F6-7890-ABCD-EF1234567899}.Release|Any CPU.Build.0 = Release|Any CPU
		{31B2C3D4-E5F6-7890-ABCD-EF123456789A}.Debug|Any CPU.ActiveCfg = Debug|Any CPU
		{31B2C3D4-E5F6-7890-ABCD-EF123456789A}.Debug|Any CPU.Build.0 = Debug|Any CPU
		{31B2C3D4-E5F6-7890-ABCD-EF123456789A}.Release|Any CPU.ActiveCfg = Release|Any CPU
		{31B2C3D4-E5F6-7890-ABCD-EF123456789A}.Release|Any CPU.Build.0 = Release|Any CPU
		{41B2C3D4-E5F6-7890-ABCD-EF1234567898}.Debug|Any CPU.ActiveCfg = Debug|Any CPU
		{41B2C3D4-E5F6-7890-ABCD-EF1234567898}.Debug|Any CPU.Build.0 = Debug|Any CPU
		{41B2C3D4-E5F6-7890-ABCD-EF1234567898}.Release|Any CPU.ActiveCfg = Release|Any CPU
		{41B2C3D4-E5F6-7890-ABCD-EF1234567898}.Release|Any CPU.Build.0 = Release|Any CPU
		{41B2C3D4-E5F6-7890-ABCD-EF1234567899}.Debug|Any CPU.ActiveCfg = Debug|Any CPU
		{41B2C3D4-E5F6-7890-ABCD-EF1234567899}.Debug|Any CPU.Build.0 = Debug|Any CPU
		{41B2C3D4-E5F6-7890-ABCD-EF1234567899}.Release|Any CPU.ActiveCfg = Release|Any CPU
		{41B2C3D4-E5F6-7890-ABCD-EF1234567899}.Release|Any CPU.Build.0 = Release|Any CPU
		{41B2C3D4-E5F6-7890-ABCD-EF123456789A}.Debug|Any CPU.ActiveCfg = Debug|Any CPU
		{41B2C3D4-E5F6-7890-ABCD-EF123456789A}.Debug|Any CPU.Build.0 = Debug|Any CPU
		{41B2C3D4-E5F6-7890-ABCD-EF123456789A}.Release|Any CPU.ActiveCfg = Release|Any CPU
		{41B2C3D4-E5F6-7890-ABCD-EF123456789A}.Release|Any CPU.Build.0 = Release|Any CPU
		{51B2C3D4-E5F6-7890-ABCD-EF1234567898}.Debug|Any CPU.ActiveCfg = Debug|Any CPU
		{51B2C3D4-E5F6-7890-ABCD-EF1234567898}.Debug|Any CPU.Build.0 = Debug|Any CPU
		{51B2C3D4-E5F6-7890-ABCD-EF1234567898}.Release|Any CPU.ActiveCfg = Release|Any CPU
		{51B2C3D4-E5F6-7890-ABCD-EF1234567898}.Release|Any CPU.Build.0 = Release|Any CPU
		{51B2C3D4-E5F6-7890-ABCD-EF1234567899}.Debug|Any CPU.ActiveCfg = Debug|Any CPU
		{51B2C3D4-E5F6-7890-ABCD-EF1234567899}.Debug|Any CPU.Build.0 = Debug|Any CPU
		{51B2C3D4-E5F6-7890-ABCD-EF1234567899}.Release|Any CPU.ActiveCfg = Release|Any CPU
		{51B2C3D4-E5F6-7890-ABCD-EF1234567899}.Release|Any CPU.Build.0 = Release|Any CPU
		{51B2C3D4-E5F6-7890-ABCD-EF123456789A}.Debug|Any CPU.ActiveCfg = Debug|Any CPU
		{51B2C3D4-E5F6-7890-ABCD-EF123456789A}.Debug|Any CPU.Build.0 = Debug|Any CPU
		{51B2C3D4-E5F6-7890-ABCD-EF123456789A}.Release|Any CPU.ActiveCfg = Release|Any CPU
		{51B2C3D4-E5F6-7890-ABCD-EF123456789A}.Release|Any CPU.Build.0 = Release|Any CPU
		{61B2C3D4-E5F6-7890-ABCD-EF1234567898}.Debug|Any CPU.ActiveCfg = Debug|Any CPU
		{61B2C3D4-E5F6-7890-ABCD-EF1234567898}.Debug|Any CPU.Build.0 = Debug|Any CPU
		{61B2C3D4-E5F6-7890-ABCD-EF1234567898}.Release|Any CPU.ActiveCfg = Release|Any CPU
		{61B2C3D4-E5F6-7890-ABCD-EF1234567898}.Release|Any CPU.Build.0 = Release|Any CPU
		{61B2C3D4-E5F6-7890-ABCD-EF1234567899}.Debug|Any CPU.ActiveCfg = Debug|Any CPU
		{61B2C3D4-E5F6-7890-ABCD-EF1234567899}.Debug|Any CPU.Build.0 = Debug|Any CPU
		{61B2C3D4-E5F6-7890-ABCD-EF1234567899}.Release|Any CPU.ActiveCfg = Release|Any CPU
		{61B2C3D4-E5F6-7890-ABCD-EF1234567899}.Release|Any CPU.Build.0 = Release|Any CPU
		{61B2C3D4-E5F6-7890-ABCD-EF123456789A}.Debug|Any CPU.ActiveCfg = Debug|Any CPU
		{61B2C3D4-E5F6-7890-ABCD-EF123456789A}.Debug|Any CPU.Build.0 = Debug|Any CPU
		{61B2C3D4-E5F6-7890-ABCD-EF123456789A}.Release|Any CPU.ActiveCfg = Release|Any CPU
		{61B2C3D4-E5F6-7890-ABCD-EF123456789A}.Release|Any CPU.Build.0 = Release|Any CPU
		{71B2C3D4-E5F6-7890-ABCD-EF1234567898}.Debug|Any CPU.ActiveCfg = Debug|Any CPU
		{71B2C3D4-E5F6-7890-ABCD-EF1234567898}.Debug|Any CPU.Build.0 = Debug|Any CPU
		{71B2C3D4-E5F6-7890-ABCD-EF1234567898}.Release|Any CPU.ActiveCfg = Release|Any CPU
		{71B2C3D4-E5F6-7890-ABCD-EF1234567898}.Release|Any CPU.Build.0 = Release|Any CPU
		{71B2C3D4-E5F6-7890-ABCD-EF1234567899}.Debug|Any CPU.ActiveCfg = Debug|Any CPU
		{71B2C3D4-E5F6-7890-ABCD-EF1234567899}.Debug|Any CPU.Build.0 = Debug|Any CPU
		{71B2C3D4-E5F6-7890-ABCD-EF1234567899}.Release|Any CPU.ActiveCfg = Release|Any CPU
		{71B2C3D4-E5F6-7890-ABCD-EF1234567899}.Release|Any CPU.Build.0 = Release|Any CPU
		{71B2C3D4-E5F6-7890-ABCD-EF123456789A}.Debug|Any CPU.ActiveCfg = Debug|Any CPU
		{71B2C3D4-E5F6-7890-ABCD-EF123456789A}.Debug|Any CPU.Build.0 = Debug|Any CPU
		{71B2C3D4-E5F6-7890-ABCD-EF123456789A}.Release|Any CPU.ActiveCfg = Release|Any CPU
		{71B2C3D4-E5F6-7890-ABCD-EF123456789A}.Release|Any CPU.Build.0 = Release|Any CPU
		{81B2C3D4-E5F6-7890-ABCD-EF1234567898}.Debug|Any CPU.ActiveCfg = Debug|Any CPU
		{81B2C3D4-E5F6-7890-ABCD-EF1234567898}.Debug|Any CPU.Build.0 = Debug|Any CPU
		{81B2C3D4-E5F6-7890-ABCD-EF1234567898}.Release|Any CPU.ActiveCfg = Release|Any CPU
		{81B2C3D4-E5F6-7890-ABCD-EF1234567898}.Release|Any CPU.Build.0 = Release|Any CPU
		{81B2C3D4-E5F6-7890-ABCD-EF1234567899}.Debug|Any CPU.ActiveCfg = Debug|Any CPU
		{81B2C3D4-E5F6-7890-ABCD-EF1234567899}.Debug|Any CPU.Build.0 = Debug|Any CPU
		{81B2C3D4-E5F6-7890-ABCD-EF1234567899}.Release|Any CPU.ActiveCfg = Release|Any CPU
		{81B2C3D4-E5F6-7890-ABCD-EF1234567899}.Release|Any CPU.Build.0 = Release|Any CPU
		{81B2C3D4-E5F6-7890-ABCD-EF123456789A}.Debug|Any CPU.ActiveCfg = Debug|Any CPU
		{81B2C3D4-E5F6-7890-ABCD-EF123456789A}.Debug|Any CPU.Build.0 = Debug|Any CPU
		{81B2C3D4-E5F6-7890-ABCD-EF123456789A}.Release|Any CPU.ActiveCfg = Release|Any CPU
		{81B2C3D4-E5F6-7890-ABCD-EF123456789A}.Release|Any CPU.Build.0 = Release|Any CPU
		{91B2C3D4-E5F6-7890-ABCD-EF1234567898}.Debug|Any CPU.ActiveCfg = Debug|Any CPU
		{91B2C3D4-E5F6-7890-ABCD-EF1234567898}.Debug|Any CPU.Build.0 = Debug|Any CPU
		{91B2C3D4-E5F6-7890-ABCD-EF1234567898}.Release|Any CPU.ActiveCfg = Release|Any CPU
		{91B2C3D4-E5F6-7890-ABCD-EF1234567898}.Release|Any CPU.Build.0 = Release|Any CPU
		{91B2C3D4-E5F6-7890-ABCD-EF1234567899}.Debug|Any CPU.ActiveCfg = Debug|Any CPU
		{91B2C3D4-E5F6-7890-ABCD-EF1234567899}.Debug|Any CPU.Build.0 = Debug|Any CPU
		{91B2C3D4-E5F6-7890-ABCD-EF1234567899}.Release|Any CPU.ActiveCfg = Release|Any CPU
		{91B2C3D4-E5F6-7890-ABCD-EF1234567899}.Release|Any CPU.Build.0 = Release|Any CPU
		{91B2C3D4-E5F6-7890-ABCD-EF123456789A}.Debug|Any CPU.ActiveCfg = Debug|Any CPU
		{91B2C3D4-E5F6-7890-ABCD-EF123456789A}.Debug|Any CPU.Build.0 = Debug|Any CPU
		{91B2C3D4-E5F6-7890-ABCD-EF123456789A}.Release|Any CPU.ActiveCfg = Release|Any CPU
		{91B2C3D4-E5F6-7890-ABCD-EF123456789A}.Release|Any CPU.Build.0 = Release|Any CPU
		{A1B2C3D4-E5F6-7890-ABCD-EF1234567898}.Debug|Any CPU.ActiveCfg = Debug|Any CPU
		{A1B2C3D4-E5F6-7890-ABCD-EF1234567898}.Debug|Any CPU.Build.0 = Debug|Any CPU
		{A1B2C3D4-E5F6-7890-ABCD-EF1234567898}.Release|Any CPU.ActiveCfg = Release|Any CPU
		{A1B2C3D4-E5F6-7890-ABCD-EF1234567898}.Release|Any CPU.Build.0 = Release|Any CPU
		{A1B2C3D4-E5F6-7890-ABCD-EF1234567899}.Debug|Any CPU.ActiveCfg = Debug|Any CPU
		{A1B2C3D4-E5F6-7890-ABCD-EF1234567899}.Debug|Any CPU.Build.0 = Debug|Any CPU
		{A1B2C3D4-E5F6-7890-ABCD-EF1234567899}.Release|Any CPU.ActiveCfg = Release|Any CPU
		{A1B2C3D4-E5F6-7890-ABCD-EF1234567899}.Release|Any CPU.Build.0 = Release|Any CPU
		{A1B2C3D4-E5F6-7890-ABCD-EF123456789A}.Debug|Any CPU.ActiveCfg = Debug|Any CPU
		{A1B2C3D4-E5F6-7890-ABCD-EF123456789A}.Debug|Any CPU.Build.0 = Debug|Any CPU
		{A1B2C3D4-E5F6-7890-ABCD-EF123456789A}.Release|Any CPU.ActiveCfg = Release|Any CPU
		{A1B2C3D4-E5F6-7890-ABCD-EF123456789A}.Release|Any CPU.Build.0 = Release|Any CPU
	EndGlobalSection
	GlobalSection(SolutionProperties) = preSolution
		HideSolutionNode = FALSE
	EndGlobalSection
	GlobalSection(NestedProjects) = preSolution
		# BuildingBlocks and Services folders under src
		{B1B2C3D4-E5F6-7890-ABCD-EF1234567891} = {A1B2C3D4-E5F6-7890-ABCD-EF1234567890}
		{C1B2C3D4-E5F6-7890-ABCD-EF1234567892} = {A1B2C3D4-E5F6-7890-ABCD-EF1234567890}
		{F0B2C3D4-E5F6-7890-ABCD-EF1234567890} = {A1B2C3D4-E5F6-7890-ABCD-EF1234567890}
		# BuildingBlocks projects
		{D1B2C3D4-E5F6-7890-ABCD-EF1234567893} = {B1B2C3D4-E5F6-7890-ABCD-EF1234567891}
		{D1B2C3D4-E5F6-7890-ABCD-EF1234567894} = {B1B2C3D4-E5F6-7890-ABCD-EF1234567891}
		{E1B2C3D4-E5F6-7890-ABCD-EF1234567895} = {B1B2C3D4-E5F6-7890-ABCD-EF1234567891}
		{E1B2C3D4-E5F6-7890-ABCD-EF1234567896} = {B1B2C3D4-E5F6-7890-ABCD-EF1234567891}
		# ApiGateway project
		{F1B2C3D4-E5F6-7890-ABCD-EF1234567897} = {F0B2C3D4-E5F6-7890-ABCD-EF1234567890}
		# Service folders under Services
		{10B2C3D4-E5F6-7890-ABCD-EF1234567890} = {C1B2C3D4-E5F6-7890-ABCD-EF1234567892}
		{20B2C3D4-E5F6-7890-ABCD-EF1234567890} = {C1B2C3D4-E5F6-7890-ABCD-EF1234567892}
		{30B2C3D4-E5F6-7890-ABCD-EF1234567890} = {C1B2C3D4-E5F6-7890-ABCD-EF1234567892}
		{40B2C3D4-E5F6-7890-ABCD-EF1234567890} = {C1B2C3D4-E5F6-7890-ABCD-EF1234567892}
		{50B2C3D4-E5F6-7890-ABCD-EF1234567890} = {C1B2C3D4-E5F6-7890-ABCD-EF1234567892}
		{60B2C3D4-E5F6-7890-ABCD-EF1234567890} = {C1B2C3D4-E5F6-7890-ABCD-EF1234567892}
		{70B2C3D4-E5F6-7890-ABCD-EF1234567890} = {C1B2C3D4-E5F6-7890-ABCD-EF1234567892}
		{80B2C3D4-E5F6-7890-ABCD-EF1234567890} = {C1B2C3D4-E5F6-7890-ABCD-EF1234567892}
		{90B2C3D4-E5F6-7890-ABCD-EF1234567890} = {C1B2C3D4-E5F6-7890-ABCD-EF1234567892}
		{A0B2C3D4-E5F6-7890-ABCD-EF1234567890} = {C1B2C3D4-E5F6-7890-ABCD-EF1234567892}
		# Identity projects
		{11B2C3D4-E5F6-7890-ABCD-EF1234567898} = {10B2C3D4-E5F6-7890-ABCD-EF1234567890}
		{11B2C3D4-E5F6-7890-ABCD-EF1234567899} = {10B2C3D4-E5F6-7890-ABCD-EF1234567890}
		{11B2C3D4-E5F6-7890-ABCD-EF123456789A} = {10B2C3D4-E5F6-7890-ABCD-EF1234567890}
		# User projects
		{21B2C3D4-E5F6-7890-ABCD-EF1234567898} = {20B2C3D4-E5F6-7890-ABCD-EF1234567890}
		{21B2C3D4-E5F6-7890-ABCD-EF1234567899} = {20B2C3D4-E5F6-7890-ABCD-EF1234567890}
		{21B2C3D4-E5F6-7890-ABCD-EF123456789A} = {20B2C3D4-E5F6-7890-ABCD-EF1234567890}
		# Trip projects
		{31B2C3D4-E5F6-7890-ABCD-EF1234567898} = {30B2C3D4-E5F6-7890-ABCD-EF1234567890}
		{31B2C3D4-E5F6-7890-ABCD-EF1234567899} = {30B2C3D4-E5F6-7890-ABCD-EF1234567890}
		{31B2C3D4-E5F6-7890-ABCD-EF123456789A} = {30B2C3D4-E5F6-7890-ABCD-EF1234567890}
		# Package projects
		{41B2C3D4-E5F6-7890-ABCD-EF1234567898} = {40B2C3D4-E5F6-7890-ABCD-EF1234567890}
		{41B2C3D4-E5F6-7890-ABCD-EF1234567899} = {40B2C3D4-E5F6-7890-ABCD-EF1234567890}
		{41B2C3D4-E5F6-7890-ABCD-EF123456789A} = {40B2C3D4-E5F6-7890-ABCD-EF1234567890}
		# Payment projects
		{51B2C3D4-E5F6-7890-ABCD-EF1234567898} = {50B2C3D4-E5F6-7890-ABCD-EF1234567890}
		{51B2C3D4-E5F6-7890-ABCD-EF1234567899} = {50B2C3D4-E5F6-7890-ABCD-EF1234567890}
		{51B2C3D4-E5F6-7890-ABCD-EF123456789A} = {50B2C3D4-E5F6-7890-ABCD-EF1234567890}
		# Notification projects
		{61B2C3D4-E5F6-7890-ABCD-EF1234567898} = {60B2C3D4-E5F6-7890-ABCD-EF1234567890}
		{61B2C3D4-E5F6-7890-ABCD-EF1234567899} = {60B2C3D4-E5F6-7890-ABCD-EF1234567890}
		{61B2C3D4-E5F6-7890-ABCD-EF123456789A} = {60B2C3D4-E5F6-7890-ABCD-EF1234567890}
		# Messaging projects
		{71B2C3D4-E5F6-7890-ABCD-EF1234567898} = {70B2C3D4-E5F6-7890-ABCD-EF1234567890}
		{71B2C3D4-E5F6-7890-ABCD-EF1234567899} = {70B2C3D4-E5F6-7890-ABCD-EF1234567890}
		{71B2C3D4-E5F6-7890-ABCD-EF123456789A} = {70B2C3D4-E5F6-7890-ABCD-EF1234567890}
		# Review projects
		{81B2C3D4-E5F6-7890-ABCD-EF1234567898} = {80B2C3D4-E5F6-7890-ABCD-EF1234567890}
		{81B2C3D4-E5F6-7890-ABCD-EF1234567899} = {80B2C3D4-E5F6-7890-ABCD-EF1234567890}
		{81B2C3D4-E5F6-7890-ABCD-EF123456789A} = {80B2C3D4-E5F6-7890-ABCD-EF1234567890}
		# Report projects
		{91B2C3D4-E5F6-7890-ABCD-EF1234567898} = {90B2C3D4-E5F6-7890-ABCD-EF1234567890}
		{91B2C3D4-E5F6-7890-ABCD-EF1234567899} = {90B2C3D4-E5F6-7890-ABCD-EF1234567890}
		{91B2C3D4-E5F6-7890-ABCD-EF123456789A} = {90B2C3D4-E5F6-7890-ABCD-EF1234567890}
		# Configuration projects
		{A1B2C3D4-E5F6-7890-ABCD-EF1234567898} = {A0B2C3D4-E5F6-7890-ABCD-EF1234567890}
		{A1B2C3D4-E5F6-7890-ABCD-EF1234567899} = {A0B2C3D4-E5F6-7890-ABCD-EF1234567890}
		{A1B2C3D4-E5F6-7890-ABCD-EF123456789A} = {A0B2C3D4-E5F6-7890-ABCD-EF1234567890}
	EndGlobalSection
	GlobalSection(ExtensibilityGlobals) = postSolution
		SolutionGuid = {20746895-4A81-4FDF-9C15-2B74B702EF2C}
	EndGlobalSection
EndGlobal
